
Microsoft Visual Studio Solution File, Format Version 12.00
# Visual Studio 15
VisualStudioVersion = 15.0.28010.2016
MinimumVisualStudioVersion = 10.0.40219.1
Project("{FAE04EC0-301F-11D3-BF4B-00C04F79EFBC}") = "GREWords", "GREWords\GREWords.csproj", "{270E0A46-AF51-482B-87F7-3B3A53804881}"
EndProject
Global
	GlobalSection(SolutionConfigurationPlatforms) = preSolution
		Debug|Any CPU = Debug|Any CPU
		Release|Any CPU = Release|Any CPU
	EndGlobalSection
	GlobalSection(ProjectConfigurationPlatforms) = postSolution
		{270E0A46-AF51-482B-87F7-3B3A53804881}.Debug|Any CPU.ActiveCfg = Debug|Any CPU
		{270E0A46-AF51-482B-87F7-3B3A53804881}.Debug|Any CPU.Build.0 = Debug|Any CPU
		{270E0A46-AF51-482B-87F7-3B3A53804881}.Release|Any CPU.ActiveCfg = Release|Any CPU
		{270E0A46-AF51-482B-87F7-3B3A53804881}.Release|Any CPU.Build.0 = Release|Any CPU
	EndGlobalSection
	GlobalSection(SolutionProperties) = preSolution
		HideSolutionNode = FALSE
	EndGlobalSection
	GlobalSection(ExtensibilityGlobals) = postSolution
		SolutionGuid = {832069E5-1439-4B4E-8622-BB3A4EB28F6E}
	EndGlobalSection
EndGlobal
